
Microsoft Visual Studio Solution File, Format Version 12.00
# Visual Studio 2013
VisualStudioVersion = 12.0.30501.0
MinimumVisualStudioVersion = 10.0.40219.1
Project("{FAE04EC0-301F-11D3-BF4B-00C04F79EFBC}") = "CraftyMeetup", "CraftyMeetup\CraftyMeetup.csproj", "{E8C1DF1D-5650-46F5-A0B4-9C8846B8C456}"
EndProject
Project("{2150E333-8FDC-42A3-9474-1A3956D46DE8}") = ".nuget", ".nuget", "{F576FDCA-9DBF-43F7-9563-7CE012A28F03}"
	ProjectSection(SolutionItems) = preProject
		.nuget\NuGet.Config = .nuget\NuGet.Config
		.nuget\NuGet.exe = .nuget\NuGet.exe
		.nuget\NuGet.targets = .nuget\NuGet.targets
	EndProjectSection
EndProject
Global
	GlobalSection(SolutionConfigurationPlatforms) = preSolution
		Debug|Any CPU = Debug|Any CPU
		Release|Any CPU = Release|Any CPU
	EndGlobalSection
	GlobalSection(ProjectConfigurationPlatforms) = postSolution
		{E8C1DF1D-5650-46F5-A0B4-9C8846B8C456}.Debug|Any CPU.ActiveCfg = Debug|Any CPU
		{E8C1DF1D-5650-46F5-A0B4-9C8846B8C456}.Debug|Any CPU.Build.0 = Debug|Any CPU
		{E8C1DF1D-5650-46F5-A0B4-9C8846B8C456}.Release|Any CPU.ActiveCfg = Release|Any CPU
		{E8C1DF1D-5650-46F5-A0B4-9C8846B8C456}.Release|Any CPU.Build.0 = Release|Any CPU
	EndGlobalSection
	GlobalSection(SolutionProperties) = preSolution
		HideSolutionNode = FALSE
	EndGlobalSection
EndGlobal
